
Microsoft Visual Studio Solution File, Format Version 12.00
# Visual Studio Version 17
VisualStudioVersion = 17.2.32505.173
MinimumVisualStudioVersion = 10.0.40219.1
Project("{9A19103F-16F7-4668-BE54-9A1E7A4F7556}") = "SoundCloudExplode", "SoundCloudExplode\SoundCloudExplode.csproj", "{D9799DD8-50C5-424A-B61B-6CDE83498A19}"
EndProject
Project("{2150E333-8FDC-42A3-9474-1A3956D46DE8}") = "Solution Items", "Solution Items", "{F5CE41D6-01C6-468E-898A-B377F6EEB443}"
	ProjectSection(SolutionItems) = preProject
		Directory.Build.props = Directory.Build.props
		favicon.ico = favicon.ico
		favicon.png = favicon.png
		README.md = README.md
	EndProjectSection
EndProject
Project("{9A19103F-16F7-4668-BE54-9A1E7A4F7556}") = "SoundCloudExplode.DemoConsole", "SoundCloudExplode.DemoConsole\SoundCloudExplode.DemoConsole.csproj", "{203F9069-DADA-4B1E-86C6-0BFC6FF1190C}"
EndProject
Global
	GlobalSection(SolutionConfigurationPlatforms) = preSolution
		Debug|Any CPU = Debug|Any CPU
		Release|Any CPU = Release|Any CPU
	EndGlobalSection
	GlobalSection(ProjectConfigurationPlatforms) = postSolution
		{D9799DD8-50C5-424A-B61B-6CDE83498A19}.Debug|Any CPU.ActiveCfg = Debug|Any CPU
		{D9799DD8-50C5-424A-B61B-6CDE83498A19}.Debug|Any CPU.Build.0 = Debug|Any CPU
		{D9799DD8-50C5-424A-B61B-6CDE83498A19}.Release|Any CPU.ActiveCfg = Release|Any CPU
		{D9799DD8-50C5-424A-B61B-6CDE83498A19}.Release|Any CPU.Build.0 = Release|Any CPU
		{203F9069-DADA-4B1E-86C6-0BFC6FF1190C}.Debug|Any CPU.ActiveCfg = Debug|Any CPU
		{203F9069-DADA-4B1E-86C6-0BFC6FF1190C}.Debug|Any CPU.Build.0 = Debug|Any CPU
		{203F9069-DADA-4B1E-86C6-0BFC6FF1190C}.Release|Any CPU.ActiveCfg = Release|Any CPU
		{203F9069-DADA-4B1E-86C6-0BFC6FF1190C}.Release|Any CPU.Build.0 = Release|Any CPU
	EndGlobalSection
	GlobalSection(SolutionProperties) = preSolution
		HideSolutionNode = FALSE
	EndGlobalSection
	GlobalSection(ExtensibilityGlobals) = postSolution
		SolutionGuid = {335EC7F6-0B0E-4FB0-93CB-F132ECCEE775}
	EndGlobalSection
EndGlobal
